// !$*UTF8*$!
{
	archiveVersion = 1;
	classes = {
	};
	objectVersion = 51;
	objects = {

/* Begin PBXBuildFile section */
		1C0A71B523FE8C64006DD913 /* TabBarViewController.swift in Sources */ = {isa = PBXBuildFile; fileRef = 1C0A71B423FE8C64006DD913 /* TabBarViewController.swift */; };
		1C0A71B823FE92C9006DD913 /* WalletViewController.swift in Sources */ = {isa = PBXBuildFile; fileRef = 1C0A71B723FE92C9006DD913 /* WalletViewController.swift */; };
		1C0A71BE23FE953C006DD913 /* CardCollectionViewCell.swift in Sources */ = {isa = PBXBuildFile; fileRef = 1C0A71BC23FE953C006DD913 /* CardCollectionViewCell.swift */; };
		1C0A71BF23FE953C006DD913 /* CardCollectionViewCell.xib in Resources */ = {isa = PBXBuildFile; fileRef = 1C0A71BD23FE953C006DD913 /* CardCollectionViewCell.xib */; };
		1C0A71C223FF26A4006DD913 /* GradientView.swift in Sources */ = {isa = PBXBuildFile; fileRef = 1C0A71C123FF26A4006DD913 /* GradientView.swift */; };
		1C0A71C523FFACD5006DD913 /* TimeGraphData.swift in Sources */ = {isa = PBXBuildFile; fileRef = 1C0A71C423FFACD5006DD913 /* TimeGraphData.swift */; };
		1C0A71CE24009E9D006DD913 /* GraphRunningTimeView.swift in Sources */ = {isa = PBXBuildFile; fileRef = 1C0A71CD24009E9D006DD913 /* GraphRunningTimeView.swift */; };
		1C0A71D2240246A4006DD913 /* Piechart.swift in Sources */ = {isa = PBXBuildFile; fileRef = 1C0A71D1240246A4006DD913 /* Piechart.swift */; };
		1C0A71D5240265C6006DD913 /* LivingExpCollectionViewCell.swift in Sources */ = {isa = PBXBuildFile; fileRef = 1C0A71D3240265C6006DD913 /* LivingExpCollectionViewCell.swift */; };
		1C0A71D6240265C6006DD913 /* LivingExpCollectionViewCell.xib in Resources */ = {isa = PBXBuildFile; fileRef = 1C0A71D4240265C6006DD913 /* LivingExpCollectionViewCell.xib */; };
		1C0A71D92402859B006DD913 /* LivingExpense.swift in Sources */ = {isa = PBXBuildFile; fileRef = 1C0A71D82402859B006DD913 /* LivingExpense.swift */; };
		1C0A71DB24028696006DD913 /* WalletDataModel.swift in Sources */ = {isa = PBXBuildFile; fileRef = 1C0A71DA24028696006DD913 /* WalletDataModel.swift */; };
		1C0A71DE24028756006DD913 /* WalletPresenter.swift in Sources */ = {isa = PBXBuildFile; fileRef = 1C0A71DD24028756006DD913 /* WalletPresenter.swift */; };
		1C0A71E024028883006DD913 /* Card.swift in Sources */ = {isa = PBXBuildFile; fileRef = 1C0A71DF24028883006DD913 /* Card.swift */; };
		1C0A71E32403BA88006DD913 /* GoogleService-Info.plist in Resources */ = {isa = PBXBuildFile; fileRef = 1C0A71E22403BA88006DD913 /* GoogleService-Info.plist */; };
		1C0A71E72403BF2F006DD913 /* DBTables.swift in Sources */ = {isa = PBXBuildFile; fileRef = 1C0A71E62403BF2F006DD913 /* DBTables.swift */; };
		1C0A71EA2403C07E006DD913 /* FirebaseAPI.swift in Sources */ = {isa = PBXBuildFile; fileRef = 1C0A71E92403C07E006DD913 /* FirebaseAPI.swift */; };
		1CCF255B23FE872C005CDF15 /* AppDelegate.swift in Sources */ = {isa = PBXBuildFile; fileRef = 1CCF255A23FE872C005CDF15 /* AppDelegate.swift */; };
		1CCF255D23FE872C005CDF15 /* SceneDelegate.swift in Sources */ = {isa = PBXBuildFile; fileRef = 1CCF255C23FE872C005CDF15 /* SceneDelegate.swift */; };
		1CCF255F23FE872C005CDF15 /* ViewController.swift in Sources */ = {isa = PBXBuildFile; fileRef = 1CCF255E23FE872C005CDF15 /* ViewController.swift */; };
		1CCF256223FE872C005CDF15 /* Main.storyboard in Resources */ = {isa = PBXBuildFile; fileRef = 1CCF256023FE872C005CDF15 /* Main.storyboard */; };
		1CCF256423FE8730005CDF15 /* Assets.xcassets in Resources */ = {isa = PBXBuildFile; fileRef = 1CCF256323FE8730005CDF15 /* Assets.xcassets */; };
		1CCF256723FE8730005CDF15 /* LaunchScreen.storyboard in Resources */ = {isa = PBXBuildFile; fileRef = 1CCF256523FE8730005CDF15 /* LaunchScreen.storyboard */; };
		1CCF257223FE8731005CDF15 /* CheqTests.swift in Sources */ = {isa = PBXBuildFile; fileRef = 1CCF257123FE8731005CDF15 /* CheqTests.swift */; };
		1CCF257D23FE8731005CDF15 /* CheqUITests.swift in Sources */ = {isa = PBXBuildFile; fileRef = 1CCF257C23FE8731005CDF15 /* CheqUITests.swift */; };
		891E3172F3C8D662A597BCF9 /* Pods_Cheq.framework in Frameworks */ = {isa = PBXBuildFile; fileRef = 2E5067C266E383E6FE729A7D /* Pods_Cheq.framework */; };
/* End PBXBuildFile section */

/* Begin PBXContainerItemProxy section */
		1CCF256E23FE8731005CDF15 /* PBXContainerItemProxy */ = {
			isa = PBXContainerItemProxy;
			containerPortal = 1CCF254F23FE872C005CDF15 /* Project object */;
			proxyType = 1;
			remoteGlobalIDString = 1CCF255623FE872C005CDF15;
			remoteInfo = Cheq;
		};
		1CCF257923FE8731005CDF15 /* PBXContainerItemProxy */ = {
			isa = PBXContainerItemProxy;
			containerPortal = 1CCF254F23FE872C005CDF15 /* Project object */;
			proxyType = 1;
			remoteGlobalIDString = 1CCF255623FE872C005CDF15;
			remoteInfo = Cheq;
		};
/* End PBXContainerItemProxy section */

/* Begin PBXFileReference section */
		02A64C185156C5BD79B60787 /* Pods-Cheq.release.xcconfig */ = {isa = PBXFileReference; includeInIndex = 1; lastKnownFileType = text.xcconfig; name = "Pods-Cheq.release.xcconfig"; path = "Target Support Files/Pods-Cheq/Pods-Cheq.release.xcconfig"; sourceTree = "<group>"; };
		1C0A71B423FE8C64006DD913 /* TabBarViewController.swift */ = {isa = PBXFileReference; lastKnownFileType = sourcecode.swift; path = TabBarViewController.swift; sourceTree = "<group>"; };
		1C0A71B723FE92C9006DD913 /* WalletViewController.swift */ = {isa = PBXFileReference; lastKnownFileType = sourcecode.swift; path = WalletViewController.swift; sourceTree = "<group>"; };
		1C0A71BC23FE953C006DD913 /* CardCollectionViewCell.swift */ = {isa = PBXFileReference; lastKnownFileType = sourcecode.swift; path = CardCollectionViewCell.swift; sourceTree = "<group>"; };
		1C0A71BD23FE953C006DD913 /* CardCollectionViewCell.xib */ = {isa = PBXFileReference; lastKnownFileType = file.xib; path = CardCollectionViewCell.xib; sourceTree = "<group>"; };
		1C0A71C123FF26A4006DD913 /* GradientView.swift */ = {isa = PBXFileReference; lastKnownFileType = sourcecode.swift; path = GradientView.swift; sourceTree = "<group>"; };
		1C0A71C423FFACD5006DD913 /* TimeGraphData.swift */ = {isa = PBXFileReference; lastKnownFileType = sourcecode.swift; path = TimeGraphData.swift; sourceTree = "<group>"; };
		1C0A71CD24009E9D006DD913 /* GraphRunningTimeView.swift */ = {isa = PBXFileReference; lastKnownFileType = sourcecode.swift; path = GraphRunningTimeView.swift; sourceTree = "<group>"; };
		1C0A71D1240246A4006DD913 /* Piechart.swift */ = {isa = PBXFileReference; lastKnownFileType = sourcecode.swift; path = Piechart.swift; sourceTree = "<group>"; };
		1C0A71D3240265C6006DD913 /* LivingExpCollectionViewCell.swift */ = {isa = PBXFileReference; lastKnownFileType = sourcecode.swift; path = LivingExpCollectionViewCell.swift; sourceTree = "<group>"; };
		1C0A71D4240265C6006DD913 /* LivingExpCollectionViewCell.xib */ = {isa = PBXFileReference; lastKnownFileType = file.xib; path = LivingExpCollectionViewCell.xib; sourceTree = "<group>"; };
		1C0A71D82402859B006DD913 /* LivingExpense.swift */ = {isa = PBXFileReference; lastKnownFileType = sourcecode.swift; path = LivingExpense.swift; sourceTree = "<group>"; };
		1C0A71DA24028696006DD913 /* WalletDataModel.swift */ = {isa = PBXFileReference; lastKnownFileType = sourcecode.swift; path = WalletDataModel.swift; sourceTree = "<group>"; };
		1C0A71DD24028756006DD913 /* WalletPresenter.swift */ = {isa = PBXFileReference; lastKnownFileType = sourcecode.swift; path = WalletPresenter.swift; sourceTree = "<group>"; };
		1C0A71DF24028883006DD913 /* Card.swift */ = {isa = PBXFileReference; lastKnownFileType = sourcecode.swift; path = Card.swift; sourceTree = "<group>"; };
		1C0A71E22403BA88006DD913 /* GoogleService-Info.plist */ = {isa = PBXFileReference; fileEncoding = 4; lastKnownFileType = text.plist.xml; path = "GoogleService-Info.plist"; sourceTree = "<group>"; };
		1C0A71E62403BF2F006DD913 /* DBTables.swift */ = {isa = PBXFileReference; lastKnownFileType = sourcecode.swift; path = DBTables.swift; sourceTree = "<group>"; };
		1C0A71E92403C07E006DD913 /* FirebaseAPI.swift */ = {isa = PBXFileReference; lastKnownFileType = sourcecode.swift; path = FirebaseAPI.swift; sourceTree = "<group>"; };
		1CCF255723FE872C005CDF15 /* Cheq.app */ = {isa = PBXFileReference; explicitFileType = wrapper.application; includeInIndex = 0; path = Cheq.app; sourceTree = BUILT_PRODUCTS_DIR; };
		1CCF255A23FE872C005CDF15 /* AppDelegate.swift */ = {isa = PBXFileReference; lastKnownFileType = sourcecode.swift; path = AppDelegate.swift; sourceTree = "<group>"; };
		1CCF255C23FE872C005CDF15 /* SceneDelegate.swift */ = {isa = PBXFileReference; lastKnownFileType = sourcecode.swift; path = SceneDelegate.swift; sourceTree = "<group>"; };
		1CCF255E23FE872C005CDF15 /* ViewController.swift */ = {isa = PBXFileReference; lastKnownFileType = sourcecode.swift; path = ViewController.swift; sourceTree = "<group>"; };
		1CCF256123FE872C005CDF15 /* Base */ = {isa = PBXFileReference; lastKnownFileType = file.storyboard; name = Base; path = Base.lproj/Main.storyboard; sourceTree = "<group>"; };
		1CCF256323FE8730005CDF15 /* Assets.xcassets */ = {isa = PBXFileReference; lastKnownFileType = folder.assetcatalog; path = Assets.xcassets; sourceTree = "<group>"; };
		1CCF256623FE8730005CDF15 /* Base */ = {isa = PBXFileReference; lastKnownFileType = file.storyboard; name = Base; path = Base.lproj/LaunchScreen.storyboard; sourceTree = "<group>"; };
		1CCF256823FE8730005CDF15 /* Info.plist */ = {isa = PBXFileReference; lastKnownFileType = text.plist.xml; path = Info.plist; sourceTree = "<group>"; };
		1CCF256D23FE8731005CDF15 /* CheqTests.xctest */ = {isa = PBXFileReference; explicitFileType = wrapper.cfbundle; includeInIndex = 0; path = CheqTests.xctest; sourceTree = BUILT_PRODUCTS_DIR; };
		1CCF257123FE8731005CDF15 /* CheqTests.swift */ = {isa = PBXFileReference; lastKnownFileType = sourcecode.swift; path = CheqTests.swift; sourceTree = "<group>"; };
		1CCF257323FE8731005CDF15 /* Info.plist */ = {isa = PBXFileReference; lastKnownFileType = text.plist.xml; path = Info.plist; sourceTree = "<group>"; };
		1CCF257823FE8731005CDF15 /* CheqUITests.xctest */ = {isa = PBXFileReference; explicitFileType = wrapper.cfbundle; includeInIndex = 0; path = CheqUITests.xctest; sourceTree = BUILT_PRODUCTS_DIR; };
		1CCF257C23FE8731005CDF15 /* CheqUITests.swift */ = {isa = PBXFileReference; lastKnownFileType = sourcecode.swift; path = CheqUITests.swift; sourceTree = "<group>"; };
		1CCF257E23FE8731005CDF15 /* Info.plist */ = {isa = PBXFileReference; lastKnownFileType = text.plist.xml; path = Info.plist; sourceTree = "<group>"; };
		2E5067C266E383E6FE729A7D /* Pods_Cheq.framework */ = {isa = PBXFileReference; explicitFileType = wrapper.framework; includeInIndex = 0; path = Pods_Cheq.framework; sourceTree = BUILT_PRODUCTS_DIR; };
		44F06EF5199A124B0C4B7CF6 /* Pods-Cheq.debug.xcconfig */ = {isa = PBXFileReference; includeInIndex = 1; lastKnownFileType = text.xcconfig; name = "Pods-Cheq.debug.xcconfig"; path = "Target Support Files/Pods-Cheq/Pods-Cheq.debug.xcconfig"; sourceTree = "<group>"; };
/* End PBXFileReference section */

/* Begin PBXFrameworksBuildPhase section */
		1CCF255423FE872C005CDF15 /* Frameworks */ = {
			isa = PBXFrameworksBuildPhase;
			buildActionMask = 2147483647;
			files = (
				891E3172F3C8D662A597BCF9 /* Pods_Cheq.framework in Frameworks */,
			);
			runOnlyForDeploymentPostprocessing = 0;
		};
		1CCF256A23FE8731005CDF15 /* Frameworks */ = {
			isa = PBXFrameworksBuildPhase;
			buildActionMask = 2147483647;
			files = (
			);
			runOnlyForDeploymentPostprocessing = 0;
		};
		1CCF257523FE8731005CDF15 /* Frameworks */ = {
			isa = PBXFrameworksBuildPhase;
			buildActionMask = 2147483647;
			files = (
			);
			runOnlyForDeploymentPostprocessing = 0;
		};
/* End PBXFrameworksBuildPhase section */

/* Begin PBXGroup section */
		1C0A71B123FE8B81006DD913 /* Views */ = {
			isa = PBXGroup;
			children = (
				1C0A71B623FE92B5006DD913 /* Wallet */,
				1C0A71B323FE8C4C006DD913 /* Tabbar */,
			);
			path = Views;
			sourceTree = "<group>";
		};
		1C0A71B323FE8C4C006DD913 /* Tabbar */ = {
			isa = PBXGroup;
			children = (
				1C0A71B423FE8C64006DD913 /* TabBarViewController.swift */,
			);
			path = Tabbar;
			sourceTree = "<group>";
		};
		1C0A71B623FE92B5006DD913 /* Wallet */ = {
			isa = PBXGroup;
			children = (
				1C0A71DC2402872E006DD913 /* Presenter */,
				1C0A71D724028587006DD913 /* Entities */,
				1C0A71BA23FE92E1006DD913 /* Model */,
				1C0A71B923FE92D2006DD913 /* View */,
			);
			path = Wallet;
			sourceTree = "<group>";
		};
		1C0A71B923FE92D2006DD913 /* View */ = {
			isa = PBXGroup;
			children = (
				1C0A71BB23FE94EE006DD913 /* Cells */,
				1C0A71B723FE92C9006DD913 /* WalletViewController.swift */,
			);
			path = View;
			sourceTree = "<group>";
		};
		1C0A71BA23FE92E1006DD913 /* Model */ = {
			isa = PBXGroup;
			children = (
				1C0A71DA24028696006DD913 /* WalletDataModel.swift */,
			);
			path = Model;
			sourceTree = "<group>";
		};
		1C0A71BB23FE94EE006DD913 /* Cells */ = {
			isa = PBXGroup;
			children = (
				1C0A71BC23FE953C006DD913 /* CardCollectionViewCell.swift */,
				1C0A71BD23FE953C006DD913 /* CardCollectionViewCell.xib */,
				1C0A71D3240265C6006DD913 /* LivingExpCollectionViewCell.swift */,
				1C0A71D4240265C6006DD913 /* LivingExpCollectionViewCell.xib */,
			);
			path = Cells;
			sourceTree = "<group>";
		};
		1C0A71C023FF2695006DD913 /* Extension */ = {
			isa = PBXGroup;
			children = (
				1C0A71C123FF26A4006DD913 /* GradientView.swift */,
			);
			path = Extension;
			sourceTree = "<group>";
		};
		1C0A71C323FFACB5006DD913 /* BarGraph */ = {
			isa = PBXGroup;
			children = (
				1C0A71C423FFACD5006DD913 /* TimeGraphData.swift */,
				1C0A71CD24009E9D006DD913 /* GraphRunningTimeView.swift */,
			);
			path = BarGraph;
			sourceTree = "<group>";
		};
		1C0A71CF24024686006DD913 /* Library */ = {
			isa = PBXGroup;
			children = (
				1C0A71D024024699006DD913 /* PieChart */,
				1C0A71C323FFACB5006DD913 /* BarGraph */,
			);
			path = Library;
			sourceTree = "<group>";
		};
		1C0A71D024024699006DD913 /* PieChart */ = {
			isa = PBXGroup;
			children = (
				1C0A71D1240246A4006DD913 /* Piechart.swift */,
			);
			path = PieChart;
			sourceTree = "<group>";
		};
		1C0A71D724028587006DD913 /* Entities */ = {
			isa = PBXGroup;
			children = (
				1C0A71D82402859B006DD913 /* LivingExpense.swift */,
				1C0A71DF24028883006DD913 /* Card.swift */,
			);
			path = Entities;
			sourceTree = "<group>";
		};
		1C0A71DC2402872E006DD913 /* Presenter */ = {
			isa = PBXGroup;
			children = (
				1C0A71DD24028756006DD913 /* WalletPresenter.swift */,
			);
			path = Presenter;
			sourceTree = "<group>";
		};
		1C0A71E52403BF15006DD913 /* API */ = {
			isa = PBXGroup;
			children = (
				1C0A71E92403C07E006DD913 /* FirebaseAPI.swift */,
			);
			path = API;
			sourceTree = "<group>";
		};
		1C0A71E82403BF6D006DD913 /* Config */ = {
			isa = PBXGroup;
			children = (
				1C0A71E62403BF2F006DD913 /* DBTables.swift */,
			);
			path = Config;
			sourceTree = "<group>";
		};
		1CCF254E23FE872C005CDF15 = {
			isa = PBXGroup;
			children = (
				1CCF255923FE872C005CDF15 /* Cheq */,
				1CCF257023FE8731005CDF15 /* CheqTests */,
				1CCF257B23FE8731005CDF15 /* CheqUITests */,
				1CCF255823FE872C005CDF15 /* Products */,
				4CF595E0A16C7D771D09F6FB /* Pods */,
				BB2F07E36B0EF835F4DCA396 /* Frameworks */,
			);
			sourceTree = "<group>";
		};
		1CCF255823FE872C005CDF15 /* Products */ = {
			isa = PBXGroup;
			children = (
				1CCF255723FE872C005CDF15 /* Cheq.app */,
				1CCF256D23FE8731005CDF15 /* CheqTests.xctest */,
				1CCF257823FE8731005CDF15 /* CheqUITests.xctest */,
			);
			name = Products;
			sourceTree = "<group>";
		};
		1CCF255923FE872C005CDF15 /* Cheq */ = {
			isa = PBXGroup;
			children = (
				1C0A71E82403BF6D006DD913 /* Config */,
				1C0A71E52403BF15006DD913 /* API */,
				1C0A71CF24024686006DD913 /* Library */,
				1C0A71C023FF2695006DD913 /* Extension */,
				1C0A71B123FE8B81006DD913 /* Views */,
				1CCF255A23FE872C005CDF15 /* AppDelegate.swift */,
				1CCF255C23FE872C005CDF15 /* SceneDelegate.swift */,
				1CCF255E23FE872C005CDF15 /* ViewController.swift */,
				1CCF256023FE872C005CDF15 /* Main.storyboard */,
				1CCF256323FE8730005CDF15 /* Assets.xcassets */,
				1CCF256823FE8730005CDF15 /* Info.plist */,
				1C0A71E22403BA88006DD913 /* GoogleService-Info.plist */,
				1CCF256523FE8730005CDF15 /* LaunchScreen.storyboard */,
			);
			path = Cheq;
			sourceTree = "<group>";
		};
		1CCF257023FE8731005CDF15 /* CheqTests */ = {
			isa = PBXGroup;
			children = (
				1CCF257123FE8731005CDF15 /* CheqTests.swift */,
				1CCF257323FE8731005CDF15 /* Info.plist */,
			);
			path = CheqTests;
			sourceTree = "<group>";
		};
		1CCF257B23FE8731005CDF15 /* CheqUITests */ = {
			isa = PBXGroup;
			children = (
				1CCF257C23FE8731005CDF15 /* CheqUITests.swift */,
				1CCF257E23FE8731005CDF15 /* Info.plist */,
			);
			path = CheqUITests;
			sourceTree = "<group>";
		};
		4CF595E0A16C7D771D09F6FB /* Pods */ = {
			isa = PBXGroup;
			children = (
				44F06EF5199A124B0C4B7CF6 /* Pods-Cheq.debug.xcconfig */,
				02A64C185156C5BD79B60787 /* Pods-Cheq.release.xcconfig */,
			);
			path = Pods;
			sourceTree = "<group>";
		};
		BB2F07E36B0EF835F4DCA396 /* Frameworks */ = {
			isa = PBXGroup;
			children = (
				2E5067C266E383E6FE729A7D /* Pods_Cheq.framework */,
			);
			name = Frameworks;
			sourceTree = "<group>";
		};
/* End PBXGroup section */

/* Begin PBXNativeTarget section */
		1CCF255623FE872C005CDF15 /* Cheq */ = {
			isa = PBXNativeTarget;
			buildConfigurationList = 1CCF258123FE8731005CDF15 /* Build configuration list for PBXNativeTarget "Cheq" */;
			buildPhases = (
				F492061429513E4F125F81D8 /* [CP] Check Pods Manifest.lock */,
				1CCF255323FE872C005CDF15 /* Sources */,
				1CCF255423FE872C005CDF15 /* Frameworks */,
				1CCF255523FE872C005CDF15 /* Resources */,
				EC39C94CBE21C711D2DC346B /* [CP] Embed Pods Frameworks */,
			);
			buildRules = (
			);
			dependencies = (
			);
			name = Cheq;
			productName = Cheq;
			productReference = 1CCF255723FE872C005CDF15 /* Cheq.app */;
			productType = "com.apple.product-type.application";
		};
		1CCF256C23FE8731005CDF15 /* CheqTests */ = {
			isa = PBXNativeTarget;
			buildConfigurationList = 1CCF258423FE8731005CDF15 /* Build configuration list for PBXNativeTarget "CheqTests" */;
			buildPhases = (
				1CCF256923FE8731005CDF15 /* Sources */,
				1CCF256A23FE8731005CDF15 /* Frameworks */,
				1CCF256B23FE8731005CDF15 /* Resources */,
			);
			buildRules = (
			);
			dependencies = (
				1CCF256F23FE8731005CDF15 /* PBXTargetDependency */,
			);
			name = CheqTests;
			productName = CheqTests;
			productReference = 1CCF256D23FE8731005CDF15 /* CheqTests.xctest */;
			productType = "com.apple.product-type.bundle.unit-test";
		};
		1CCF257723FE8731005CDF15 /* CheqUITests */ = {
			isa = PBXNativeTarget;
			buildConfigurationList = 1CCF258723FE8731005CDF15 /* Build configuration list for PBXNativeTarget "CheqUITests" */;
			buildPhases = (
				1CCF257423FE8731005CDF15 /* Sources */,
				1CCF257523FE8731005CDF15 /* Frameworks */,
				1CCF257623FE8731005CDF15 /* Resources */,
			);
			buildRules = (
			);
			dependencies = (
				1CCF257A23FE8731005CDF15 /* PBXTargetDependency */,
			);
			name = CheqUITests;
			productName = CheqUITests;
			productReference = 1CCF257823FE8731005CDF15 /* CheqUITests.xctest */;
			productType = "com.apple.product-type.bundle.ui-testing";
		};
/* End PBXNativeTarget section */

/* Begin PBXProject section */
		1CCF254F23FE872C005CDF15 /* Project object */ = {
			isa = PBXProject;
			attributes = {
				LastSwiftUpdateCheck = 1130;
				LastUpgradeCheck = 1130;
				ORGANIZATIONNAME = "Danish Aziz";
				TargetAttributes = {
					1CCF255623FE872C005CDF15 = {
						CreatedOnToolsVersion = 11.3.1;
					};
					1CCF256C23FE8731005CDF15 = {
						CreatedOnToolsVersion = 11.3.1;
						TestTargetID = 1CCF255623FE872C005CDF15;
					};
					1CCF257723FE8731005CDF15 = {
						CreatedOnToolsVersion = 11.3.1;
						TestTargetID = 1CCF255623FE872C005CDF15;
					};
				};
			};
			buildConfigurationList = 1CCF255223FE872C005CDF15 /* Build configuration list for PBXProject "Cheq" */;
			compatibilityVersion = "Xcode 9.3";
			developmentRegion = en;
			hasScannedForEncodings = 0;
			knownRegions = (
				en,
				Base,
			);
			mainGroup = 1CCF254E23FE872C005CDF15;
			productRefGroup = 1CCF255823FE872C005CDF15 /* Products */;
			projectDirPath = "";
			projectRoot = "";
			targets = (
				1CCF255623FE872C005CDF15 /* Cheq */,
				1CCF256C23FE8731005CDF15 /* CheqTests */,
				1CCF257723FE8731005CDF15 /* CheqUITests */,
			);
		};
/* End PBXProject section */

/* Begin PBXResourcesBuildPhase section */
		1CCF255523FE872C005CDF15 /* Resources */ = {
			isa = PBXResourcesBuildPhase;
			buildActionMask = 2147483647;
			files = (
				1C0A71BF23FE953C006DD913 /* CardCollectionViewCell.xib in Resources */,
				1CCF256723FE8730005CDF15 /* LaunchScreen.storyboard in Resources */,
				1CCF256423FE8730005CDF15 /* Assets.xcassets in Resources */,
				1C0A71D6240265C6006DD913 /* LivingExpCollectionViewCell.xib in Resources */,
				1CCF256223FE872C005CDF15 /* Main.storyboard in Resources */,
				1C0A71E32403BA88006DD913 /* GoogleService-Info.plist in Resources */,
			);
			runOnlyForDeploymentPostprocessing = 0;
		};
		1CCF256B23FE8731005CDF15 /* Resources */ = {
			isa = PBXResourcesBuildPhase;
			buildActionMask = 2147483647;
			files = (
			);
			runOnlyForDeploymentPostprocessing = 0;
		};
		1CCF257623FE8731005CDF15 /* Resources */ = {
			isa = PBXResourcesBuildPhase;
			buildActionMask = 2147483647;
			files = (
			);
			runOnlyForDeploymentPostprocessing = 0;
		};
/* End PBXResourcesBuildPhase section */

/* Begin PBXShellScriptBuildPhase section */
		EC39C94CBE21C711D2DC346B /* [CP] Embed Pods Frameworks */ = {
			isa = PBXShellScriptBuildPhase;
			buildActionMask = 2147483647;
			files = (
			);
			inputFileListPaths = (
				"${PODS_ROOT}/Target Support Files/Pods-Cheq/Pods-Cheq-frameworks-${CONFIGURATION}-input-files.xcfilelist",
			);
			name = "[CP] Embed Pods Frameworks";
			outputFileListPaths = (
				"${PODS_ROOT}/Target Support Files/Pods-Cheq/Pods-Cheq-frameworks-${CONFIGURATION}-output-files.xcfilelist",
			);
			runOnlyForDeploymentPostprocessing = 0;
			shellPath = /bin/sh;
			shellScript = "\"${PODS_ROOT}/Target Support Files/Pods-Cheq/Pods-Cheq-frameworks.sh\"\n";
			showEnvVarsInLog = 0;
		};
		F492061429513E4F125F81D8 /* [CP] Check Pods Manifest.lock */ = {
			isa = PBXShellScriptBuildPhase;
			buildActionMask = 2147483647;
			files = (
			);
			inputFileListPaths = (
			);
			inputPaths = (
				"${PODS_PODFILE_DIR_PATH}/Podfile.lock",
				"${PODS_ROOT}/Manifest.lock",
			);
			name = "[CP] Check Pods Manifest.lock";
			outputFileListPaths = (
			);
			outputPaths = (
				"$(DERIVED_FILE_DIR)/Pods-Cheq-checkManifestLockResult.txt",
			);
			runOnlyForDeploymentPostprocessing = 0;
			shellPath = /bin/sh;
			shellScript = "diff \"${PODS_PODFILE_DIR_PATH}/Podfile.lock\" \"${PODS_ROOT}/Manifest.lock\" > /dev/null\nif [ $? != 0 ] ; then\n    # print error to STDERR\n    echo \"error: The sandbox is not in sync with the Podfile.lock. Run 'pod install' or update your CocoaPods installation.\" >&2\n    exit 1\nfi\n# This output is used by Xcode 'outputs' to avoid re-running this script phase.\necho \"SUCCESS\" > \"${SCRIPT_OUTPUT_FILE_0}\"\n";
			showEnvVarsInLog = 0;
		};
/* End PBXShellScriptBuildPhase section */

/* Begin PBXSourcesBuildPhase section */
		1CCF255323FE872C005CDF15 /* Sources */ = {
			isa = PBXSourcesBuildPhase;
			buildActionMask = 2147483647;
			files = (
				1C0A71E024028883006DD913 /* Card.swift in Sources */,
				1C0A71D5240265C6006DD913 /* LivingExpCollectionViewCell.swift in Sources */,
				1C0A71B523FE8C64006DD913 /* TabBarViewController.swift in Sources */,
				1C0A71D2240246A4006DD913 /* Piechart.swift in Sources */,
				1C0A71DB24028696006DD913 /* WalletDataModel.swift in Sources */,
				1C0A71D92402859B006DD913 /* LivingExpense.swift in Sources */,
				1C0A71C523FFACD5006DD913 /* TimeGraphData.swift in Sources */,
				1CCF255F23FE872C005CDF15 /* ViewController.swift in Sources */,
				1CCF255B23FE872C005CDF15 /* AppDelegate.swift in Sources */,
				1CCF255D23FE872C005CDF15 /* SceneDelegate.swift in Sources */,
				1C0A71E72403BF2F006DD913 /* DBTables.swift in Sources */,
				1C0A71EA2403C07E006DD913 /* FirebaseAPI.swift in Sources */,
				1C0A71C223FF26A4006DD913 /* GradientView.swift in Sources */,
				1C0A71BE23FE953C006DD913 /* CardCollectionViewCell.swift in Sources */,
				1C0A71DE24028756006DD913 /* WalletPresenter.swift in Sources */,
				1C0A71B823FE92C9006DD913 /* WalletViewController.swift in Sources */,
				1C0A71CE24009E9D006DD913 /* GraphRunningTimeView.swift in Sources */,
			);
			runOnlyForDeploymentPostprocessing = 0;
		};
		1CCF256923FE8731005CDF15 /* Sources */ = {
			isa = PBXSourcesBuildPhase;
			buildActionMask = 2147483647;
			files = (
				1CCF257223FE8731005CDF15 /* CheqTests.swift in Sources */,
			);
			runOnlyForDeploymentPostprocessing = 0;
		};
		1CCF257423FE8731005CDF15 /* Sources */ = {
			isa = PBXSourcesBuildPhase;
			buildActionMask = 2147483647;
			files = (
				1CCF257D23FE8731005CDF15 /* CheqUITests.swift in Sources */,
			);
			runOnlyForDeploymentPostprocessing = 0;
		};
/* End PBXSourcesBuildPhase section */

/* Begin PBXTargetDependency section */
		1CCF256F23FE8731005CDF15 /* PBXTargetDependency */ = {
			isa = PBXTargetDependency;
			target = 1CCF255623FE872C005CDF15 /* Cheq */;
			targetProxy = 1CCF256E23FE8731005CDF15 /* PBXContainerItemProxy */;
		};
		1CCF257A23FE8731005CDF15 /* PBXTargetDependency */ = {
			isa = PBXTargetDependency;
			target = 1CCF255623FE872C005CDF15 /* Cheq */;
			targetProxy = 1CCF257923FE8731005CDF15 /* PBXContainerItemProxy */;
		};
/* End PBXTargetDependency section */

/* Begin PBXVariantGroup section */
		1CCF256023FE872C005CDF15 /* Main.storyboard */ = {
			isa = PBXVariantGroup;
			children = (
				1CCF256123FE872C005CDF15 /* Base */,
			);
			name = Main.storyboard;
			sourceTree = "<group>";
		};
		1CCF256523FE8730005CDF15 /* LaunchScreen.storyboard */ = {
			isa = PBXVariantGroup;
			children = (
				1CCF256623FE8730005CDF15 /* Base */,
			);
			name = LaunchScreen.storyboard;
			sourceTree = "<group>";
		};
/* End PBXVariantGroup section */

/* Begin XCBuildConfiguration section */
		1CCF257F23FE8731005CDF15 /* Debug */ = {
			isa = XCBuildConfiguration;
			buildSettings = {
				ALWAYS_SEARCH_USER_PATHS = NO;
				CLANG_ANALYZER_NONNULL = YES;
				CLANG_ANALYZER_NUMBER_OBJECT_CONVERSION = YES_AGGRESSIVE;
				CLANG_CXX_LANGUAGE_STANDARD = "gnu++14";
				CLANG_CXX_LIBRARY = "libc++";
				CLANG_ENABLE_MODULES = YES;
				CLANG_ENABLE_OBJC_ARC = YES;
				CLANG_ENABLE_OBJC_WEAK = YES;
				CLANG_WARN_BLOCK_CAPTURE_AUTORELEASING = YES;
				CLANG_WARN_BOOL_CONVERSION = YES;
				CLANG_WARN_COMMA = YES;
				CLANG_WARN_CONSTANT_CONVERSION = YES;
				CLANG_WARN_DEPRECATED_OBJC_IMPLEMENTATIONS = YES;
				CLANG_WARN_DIRECT_OBJC_ISA_USAGE = YES_ERROR;
				CLANG_WARN_DOCUMENTATION_COMMENTS = YES;
				CLANG_WARN_EMPTY_BODY = YES;
				CLANG_WARN_ENUM_CONVERSION = YES;
				CLANG_WARN_INFINITE_RECURSION = YES;
				CLANG_WARN_INT_CONVERSION = YES;
				CLANG_WARN_NON_LITERAL_NULL_CONVERSION = YES;
				CLANG_WARN_OBJC_IMPLICIT_RETAIN_SELF = YES;
				CLANG_WARN_OBJC_LITERAL_CONVERSION = YES;
				CLANG_WARN_OBJC_ROOT_CLASS = YES_ERROR;
				CLANG_WARN_RANGE_LOOP_ANALYSIS = YES;
				CLANG_WARN_STRICT_PROTOTYPES = YES;
				CLANG_WARN_SUSPICIOUS_MOVE = YES;
				CLANG_WARN_UNGUARDED_AVAILABILITY = YES_AGGRESSIVE;
				CLANG_WARN_UNREACHABLE_CODE = YES;
				CLANG_WARN__DUPLICATE_METHOD_MATCH = YES;
				COPY_PHASE_STRIP = NO;
				DEBUG_INFORMATION_FORMAT = dwarf;
				ENABLE_STRICT_OBJC_MSGSEND = YES;
				ENABLE_TESTABILITY = YES;
				GCC_C_LANGUAGE_STANDARD = gnu11;
				GCC_DYNAMIC_NO_PIC = NO;
				GCC_NO_COMMON_BLOCKS = YES;
				GCC_OPTIMIZATION_LEVEL = 0;
				GCC_PREPROCESSOR_DEFINITIONS = (
					"DEBUG=1",
					"$(inherited)",
				);
				GCC_WARN_64_TO_32_BIT_CONVERSION = YES;
				GCC_WARN_ABOUT_RETURN_TYPE = YES_ERROR;
				GCC_WARN_UNDECLARED_SELECTOR = YES;
				GCC_WARN_UNINITIALIZED_AUTOS = YES_AGGRESSIVE;
				GCC_WARN_UNUSED_FUNCTION = YES;
				GCC_WARN_UNUSED_VARIABLE = YES;
				IPHONEOS_DEPLOYMENT_TARGET = 13.2;
				MTL_ENABLE_DEBUG_INFO = INCLUDE_SOURCE;
				MTL_FAST_MATH = YES;
				ONLY_ACTIVE_ARCH = YES;
				SDKROOT = iphoneos;
				SWIFT_ACTIVE_COMPILATION_CONDITIONS = DEBUG;
				SWIFT_OPTIMIZATION_LEVEL = "-Onone";
			};
			name = Debug;
		};
		1CCF258023FE8731005CDF15 /* Release */ = {
			isa = XCBuildConfiguration;
			buildSettings = {
				ALWAYS_SEARCH_USER_PATHS = NO;
				CLANG_ANALYZER_NONNULL = YES;
				CLANG_ANALYZER_NUMBER_OBJECT_CONVERSION = YES_AGGRESSIVE;
				CLANG_CXX_LANGUAGE_STANDARD = "gnu++14";
				CLANG_CXX_LIBRARY = "libc++";
				CLANG_ENABLE_MODULES = YES;
				CLANG_ENABLE_OBJC_ARC = YES;
				CLANG_ENABLE_OBJC_WEAK = YES;
				CLANG_WARN_BLOCK_CAPTURE_AUTORELEASING = YES;
				CLANG_WARN_BOOL_CONVERSION = YES;
				CLANG_WARN_COMMA = YES;
				CLANG_WARN_CONSTANT_CONVERSION = YES;
				CLANG_WARN_DEPRECATED_OBJC_IMPLEMENTATIONS = YES;
				CLANG_WARN_DIRECT_OBJC_ISA_USAGE = YES_ERROR;
				CLANG_WARN_DOCUMENTATION_COMMENTS = YES;
				CLANG_WARN_EMPTY_BODY = YES;
				CLANG_WARN_ENUM_CONVERSION = YES;
				CLANG_WARN_INFINITE_RECURSION = YES;
				CLANG_WARN_INT_CONVERSION = YES;
				CLANG_WARN_NON_LITERAL_NULL_CONVERSION = YES;
				CLANG_WARN_OBJC_IMPLICIT_RETAIN_SELF = YES;
				CLANG_WARN_OBJC_LITERAL_CONVERSION = YES;
				CLANG_WARN_OBJC_ROOT_CLASS = YES_ERROR;
				CLANG_WARN_RANGE_LOOP_ANALYSIS = YES;
				CLANG_WARN_STRICT_PROTOTYPES = YES;
				CLANG_WARN_SUSPICIOUS_MOVE = YES;
				CLANG_WARN_UNGUARDED_AVAILABILITY = YES_AGGRESSIVE;
				CLANG_WARN_UNREACHABLE_CODE = YES;
				CLANG_WARN__DUPLICATE_METHOD_MATCH = YES;
				COPY_PHASE_STRIP = NO;
				DEBUG_INFORMATION_FORMAT = "dwarf-with-dsym";
				ENABLE_NS_ASSERTIONS = NO;
				ENABLE_STRICT_OBJC_MSGSEND = YES;
				GCC_C_LANGUAGE_STANDARD = gnu11;
				GCC_NO_COMMON_BLOCKS = YES;
				GCC_WARN_64_TO_32_BIT_CONVERSION = YES;
				GCC_WARN_ABOUT_RETURN_TYPE = YES_ERROR;
				GCC_WARN_UNDECLARED_SELECTOR = YES;
				GCC_WARN_UNINITIALIZED_AUTOS = YES_AGGRESSIVE;
				GCC_WARN_UNUSED_FUNCTION = YES;
				GCC_WARN_UNUSED_VARIABLE = YES;
				IPHONEOS_DEPLOYMENT_TARGET = 13.2;
				MTL_ENABLE_DEBUG_INFO = NO;
				MTL_FAST_MATH = YES;
				SDKROOT = iphoneos;
				SWIFT_COMPILATION_MODE = wholemodule;
				SWIFT_OPTIMIZATION_LEVEL = "-O";
				VALIDATE_PRODUCT = YES;
			};
			name = Release;
		};
		1CCF258223FE8731005CDF15 /* Debug */ = {
			isa = XCBuildConfiguration;
			baseConfigurationReference = 44F06EF5199A124B0C4B7CF6 /* Pods-Cheq.debug.xcconfig */;
			buildSettings = {
				ASSETCATALOG_COMPILER_APPICON_NAME = AppIcon;
				CODE_SIGN_STYLE = Automatic;
				INFOPLIST_FILE = Cheq/Info.plist;
				LD_RUNPATH_SEARCH_PATHS = (
					"$(inherited)",
					"@executable_path/Frameworks",
				);
				PRODUCT_BUNDLE_IDENTIFIER = danish.Cheq;
				PRODUCT_NAME = "$(TARGET_NAME)";
				SWIFT_VERSION = 5.0;
				TARGETED_DEVICE_FAMILY = "1,2";
			};
			name = Debug;
		};
		1CCF258323FE8731005CDF15 /* Release */ = {
			isa = XCBuildConfiguration;
			baseConfigurationReference = 02A64C185156C5BD79B60787 /* Pods-Cheq.release.xcconfig */;
			buildSettings = {
				ASSETCATALOG_COMPILER_APPICON_NAME = AppIcon;
				CODE_SIGN_STYLE = Automatic;
				INFOPLIST_FILE = Cheq/Info.plist;
				LD_RUNPATH_SEARCH_PATHS = (
					"$(inherited)",
					"@executable_path/Frameworks",
				);
				PRODUCT_BUNDLE_IDENTIFIER = danish.Cheq;
				PRODUCT_NAME = "$(TARGET_NAME)";
				SWIFT_VERSION = 5.0;
				TARGETED_DEVICE_FAMILY = "1,2";
			};
			name = Release;
		};
		1CCF258523FE8731005CDF15 /* Debug */ = {
			isa = XCBuildConfiguration;
			buildSettings = {
				ALWAYS_EMBED_SWIFT_STANDARD_LIBRARIES = YES;
				BUNDLE_LOADER = "$(TEST_HOST)";
				CODE_SIGN_STYLE = Automatic;
				INFOPLIST_FILE = CheqTests/Info.plist;
				IPHONEOS_DEPLOYMENT_TARGET = 13.2;
				LD_RUNPATH_SEARCH_PATHS = (
					"$(inherited)",
					"@executable_path/Frameworks",
					"@loader_path/Frameworks",
				);
				PRODUCT_BUNDLE_IDENTIFIER = danish.CheqTests;
				PRODUCT_NAME = "$(TARGET_NAME)";
				SWIFT_VERSION = 5.0;
				TARGETED_DEVICE_FAMILY = "1,2";
				TEST_HOST = "$(BUILT_PRODUCTS_DIR)/Cheq.app/Cheq";
			};
			name = Debug;
		};
		1CCF258623FE8731005CDF15 /* Release */ = {
			isa = XCBuildConfiguration;
			buildSettings = {
				ALWAYS_EMBED_SWIFT_STANDARD_LIBRARIES = YES;
				BUNDLE_LOADER = "$(TEST_HOST)";
				CODE_SIGN_STYLE = Automatic;
				INFOPLIST_FILE = CheqTests/Info.plist;
				IPHONEOS_DEPLOYMENT_TARGET = 13.2;
				LD_RUNPATH_SEARCH_PATHS = (
					"$(inherited)",
					"@executable_path/Frameworks",
					"@loader_path/Frameworks",
				);
				PRODUCT_BUNDLE_IDENTIFIER = danish.CheqTests;
				PRODUCT_NAME = "$(TARGET_NAME)";
				SWIFT_VERSION = 5.0;
				TARGETED_DEVICE_FAMILY = "1,2";
				TEST_HOST = "$(BUILT_PRODUCTS_DIR)/Cheq.app/Cheq";
			};
			name = Release;
		};
		1CCF258823FE8731005CDF15 /* Debug */ = {
			isa = XCBuildConfiguration;
			buildSettings = {
				ALWAYS_EMBED_SWIFT_STANDARD_LIBRARIES = YES;
				CODE_SIGN_STYLE = Automatic;
				INFOPLIST_FILE = CheqUITests/Info.plist;
				LD_RUNPATH_SEARCH_PATHS = (
					"$(inherited)",
					"@executable_path/Frameworks",
					"@loader_path/Frameworks",
				);
				PRODUCT_BUNDLE_IDENTIFIER = danish.CheqUITests;
				PRODUCT_NAME = "$(TARGET_NAME)";
				SWIFT_VERSION = 5.0;
				TARGETED_DEVICE_FAMILY = "1,2";
				TEST_TARGET_NAME = Cheq;
			};
			name = Debug;
		};
		1CCF258923FE8731005CDF15 /* Release */ = {
			isa = XCBuildConfiguration;
			buildSettings = {
				ALWAYS_EMBED_SWIFT_STANDARD_LIBRARIES = YES;
				CODE_SIGN_STYLE = Automatic;
				INFOPLIST_FILE = CheqUITests/Info.plist;
				LD_RUNPATH_SEARCH_PATHS = (
					"$(inherited)",
					"@executable_path/Frameworks",
					"@loader_path/Frameworks",
				);
				PRODUCT_BUNDLE_IDENTIFIER = danish.CheqUITests;
				PRODUCT_NAME = "$(TARGET_NAME)";
				SWIFT_VERSION = 5.0;
				TARGETED_DEVICE_FAMILY = "1,2";
				TEST_TARGET_NAME = Cheq;
			};
			name = Release;
		};
/* End XCBuildConfiguration section */

/* Begin XCConfigurationList section */
		1CCF255223FE872C005CDF15 /* Build configuration list for PBXProject "Cheq" */ = {
			isa = XCConfigurationList;
			buildConfigurations = (
				1CCF257F23FE8731005CDF15 /* Debug */,
				1CCF258023FE8731005CDF15 /* Release */,
			);
			defaultConfigurationIsVisible = 0;
			defaultConfigurationName = Release;
		};
		1CCF258123FE8731005CDF15 /* Build configuration list for PBXNativeTarget "Cheq" */ = {
			isa = XCConfigurationList;
			buildConfigurations = (
				1CCF258223FE8731005CDF15 /* Debug */,
				1CCF258323FE8731005CDF15 /* Release */,
			);
			defaultConfigurationIsVisible = 0;
			defaultConfigurationName = Release;
		};
		1CCF258423FE8731005CDF15 /* Build configuration list for PBXNativeTarget "CheqTests" */ = {
			isa = XCConfigurationList;
			buildConfigurations = (
				1CCF258523FE8731005CDF15 /* Debug */,
				1CCF258623FE8731005CDF15 /* Release */,
			);
			defaultConfigurationIsVisible = 0;
			defaultConfigurationName = Release;
		};
		1CCF258723FE8731005CDF15 /* Build configuration list for PBXNativeTarget "CheqUITests" */ = {
			isa = XCConfigurationList;
			buildConfigurations = (
				1CCF258823FE8731005CDF15 /* Debug */,
				1CCF258923FE8731005CDF15 /* Release */,
			);
			defaultConfigurationIsVisible = 0;
			defaultConfigurationName = Release;
		};
/* End XCConfigurationList section */
	};
	rootObject = 1CCF254F23FE872C005CDF15 /* Project object */;
}
